
Microsoft Visual Studio Solution File, Format Version 12.00
# Visual Studio 15
VisualStudioVersion = 15.0.26124.0
MinimumVisualStudioVersion = 15.0.26124.0
Project("{FAE04EC0-301F-11D3-BF4B-00C04F79EFBC}") = "Domain", "Domain\Domain.csproj", "{7181CBAD-D6BA-4C10-88E9-1DD5E3A00D6D}"
EndProject
Project("{FAE04EC0-301F-11D3-BF4B-00C04F79EFBC}") = "Application", "Application\Application.csproj", "{29A63751-F971-46BC-8348-21D01DB16DB1}"
EndProject
Project("{FAE04EC0-301F-11D3-BF4B-00C04F79EFBC}") = "Persistence", "Persistence\Persistence.csproj", "{8D26D016-5E2B-4881-9BDB-7772D45C90D2}"
EndProject
Project("{FAE04EC0-301F-11D3-BF4B-00C04F79EFBC}") = "API", "API\API.csproj", "{748F8BCE-FDEB-41B7-B7DD-3F7B010214D2}"
EndProject
Global
	GlobalSection(SolutionConfigurationPlatforms) = preSolution
		Debug|Any CPU = Debug|Any CPU
		Debug|x64 = Debug|x64
		Debug|x86 = Debug|x86
		Release|Any CPU = Release|Any CPU
		Release|x64 = Release|x64
		Release|x86 = Release|x86
	EndGlobalSection
	GlobalSection(SolutionProperties) = preSolution
		HideSolutionNode = FALSE
	EndGlobalSection
	GlobalSection(ProjectConfigurationPlatforms) = postSolution
		{7181CBAD-D6BA-4C10-88E9-1DD5E3A00D6D}.Debug|Any CPU.ActiveCfg = Debug|Any CPU
		{7181CBAD-D6BA-4C10-88E9-1DD5E3A00D6D}.Debug|Any CPU.Build.0 = Debug|Any CPU
		{7181CBAD-D6BA-4C10-88E9-1DD5E3A00D6D}.Debug|x64.ActiveCfg = Debug|Any CPU
		{7181CBAD-D6BA-4C10-88E9-1DD5E3A00D6D}.Debug|x64.Build.0 = Debug|Any CPU
		{7181CBAD-D6BA-4C10-88E9-1DD5E3A00D6D}.Debug|x86.ActiveCfg = Debug|Any CPU
		{7181CBAD-D6BA-4C10-88E9-1DD5E3A00D6D}.Debug|x86.Build.0 = Debug|Any CPU
		{7181CBAD-D6BA-4C10-88E9-1DD5E3A00D6D}.Release|Any CPU.ActiveCfg = Release|Any CPU
		{7181CBAD-D6BA-4C10-88E9-1DD5E3A00D6D}.Release|Any CPU.Build.0 = Release|Any CPU
		{7181CBAD-D6BA-4C10-88E9-1DD5E3A00D6D}.Release|x64.ActiveCfg = Release|Any CPU
		{7181CBAD-D6BA-4C10-88E9-1DD5E3A00D6D}.Release|x64.Build.0 = Release|Any CPU
		{7181CBAD-D6BA-4C10-88E9-1DD5E3A00D6D}.Release|x86.ActiveCfg = Release|Any CPU
		{7181CBAD-D6BA-4C10-88E9-1DD5E3A00D6D}.Release|x86.Build.0 = Release|Any CPU
		{29A63751-F971-46BC-8348-21D01DB16DB1}.Debug|Any CPU.ActiveCfg = Debug|Any CPU
		{29A63751-F971-46BC-8348-21D01DB16DB1}.Debug|Any CPU.Build.0 = Debug|Any CPU
		{29A63751-F971-46BC-8348-21D01DB16DB1}.Debug|x64.ActiveCfg = Debug|Any CPU
		{29A63751-F971-46BC-8348-21D01DB16DB1}.Debug|x64.Build.0 = Debug|Any CPU
		{29A63751-F971-46BC-8348-21D01DB16DB1}.Debug|x86.ActiveCfg = Debug|Any CPU
		{29A63751-F971-46BC-8348-21D01DB16DB1}.Debug|x86.Build.0 = Debug|Any CPU
		{29A63751-F971-46BC-8348-21D01DB16DB1}.Release|Any CPU.ActiveCfg = Release|Any CPU
		{29A63751-F971-46BC-8348-21D01DB16DB1}.Release|Any CPU.Build.0 = Release|Any CPU
		{29A63751-F971-46BC-8348-21D01DB16DB1}.Release|x64.ActiveCfg = Release|Any CPU
		{29A63751-F971-46BC-8348-21D01DB16DB1}.Release|x64.Build.0 = Release|Any CPU
		{29A63751-F971-46BC-8348-21D01DB16DB1}.Release|x86.ActiveCfg = Release|Any CPU
		{29A63751-F971-46BC-8348-21D01DB16DB1}.Release|x86.Build.0 = Release|Any CPU
		{8D26D016-5E2B-4881-9BDB-7772D45C90D2}.Debug|Any CPU.ActiveCfg = Debug|Any CPU
		{8D26D016-5E2B-4881-9BDB-7772D45C90D2}.Debug|Any CPU.Build.0 = Debug|Any CPU
		{8D26D016-5E2B-4881-9BDB-7772D45C90D2}.Debug|x64.ActiveCfg = Debug|Any CPU
		{8D26D016-5E2B-4881-9BDB-7772D45C90D2}.Debug|x64.Build.0 = Debug|Any CPU
		{8D26D016-5E2B-4881-9BDB-7772D45C90D2}.Debug|x86.ActiveCfg = Debug|Any CPU
		{8D26D016-5E2B-4881-9BDB-7772D45C90D2}.Debug|x86.Build.0 = Debug|Any CPU
		{8D26D016-5E2B-4881-9BDB-7772D45C90D2}.Release|Any CPU.ActiveCfg = Release|Any CPU
		{8D26D016-5E2B-4881-9BDB-7772D45C90D2}.Release|Any CPU.Build.0 = Release|Any CPU
		{8D26D016-5E2B-4881-9BDB-7772D45C90D2}.Release|x64.ActiveCfg = Release|Any CPU
		{8D26D016-5E2B-4881-9BDB-7772D45C90D2}.Release|x64.Build.0 = Release|Any CPU
		{8D26D016-5E2B-4881-9BDB-7772D45C90D2}.Release|x86.ActiveCfg = Release|Any CPU
		{8D26D016-5E2B-4881-9BDB-7772D45C90D2}.Release|x86.Build.0 = Release|Any CPU
		{748F8BCE-FDEB-41B7-B7DD-3F7B010214D2}.Debug|Any CPU.ActiveCfg = Debug|Any CPU
		{748F8BCE-FDEB-41B7-B7DD-3F7B010214D2}.Debug|Any CPU.Build.0 = Debug|Any CPU
		{748F8BCE-FDEB-41B7-B7DD-3F7B010214D2}.Debug|x64.ActiveCfg = Debug|Any CPU
		{748F8BCE-FDEB-41B7-B7DD-3F7B010214D2}.Debug|x64.Build.0 = Debug|Any CPU
		{748F8BCE-FDEB-41B7-B7DD-3F7B010214D2}.Debug|x86.ActiveCfg = Debug|Any CPU
		{748F8BCE-FDEB-41B7-B7DD-3F7B010214D2}.Debug|x86.Build.0 = Debug|Any CPU
		{748F8BCE-FDEB-41B7-B7DD-3F7B010214D2}.Release|Any CPU.ActiveCfg = Release|Any CPU
		{748F8BCE-FDEB-41B7-B7DD-3F7B010214D2}.Release|Any CPU.Build.0 = Release|Any CPU
		{748F8BCE-FDEB-41B7-B7DD-3F7B010214D2}.Release|x64.ActiveCfg = Release|Any CPU
		{748F8BCE-FDEB-41B7-B7DD-3F7B010214D2}.Release|x64.Build.0 = Release|Any CPU
		{748F8BCE-FDEB-41B7-B7DD-3F7B010214D2}.Release|x86.ActiveCfg = Release|Any CPU
		{748F8BCE-FDEB-41B7-B7DD-3F7B010214D2}.Release|x86.Build.0 = Release|Any CPU
	EndGlobalSection
EndGlobal
